lockfileVersion: '9.0'

settings:
  autoInstallPeers: true
  excludeLinksFromLockfile: false

importers:

  .:
    dependencies:
      '@vladmandic/face-api':
        specifier: ^1.7.13
        version: 1.7.13
      dashjs:
        specifier: ^4.7.4
        version: 4.7.4
      face-api.js:
        specifier: ^0.22.2
        version: 0.22.2
      hls.js:
        specifier: ^1.5.11
        version: 1.5.11

packages:

  '@tensorflow/tfjs-core@1.7.0':
    resolution: {integrity: sha512-uwQdiklNjqBnHPeseOdG0sGxrI3+d6lybaKu2+ou3ajVeKdPEwpWbgqA6iHjq1iylnOGkgkbbnQ6r2lwkiIIHw==}
    engines: {yarn: '>= 1.3.2'}

  '@types/offscreencanvas@2019.3.0':
    resolution: {integrity: sha512-esIJx9bQg+QYF0ra8GnvfianIY8qWB0GBx54PK5Eps6m+xTj86KLavHv6qDhzKcu5UUOgNfJ2pWaIIV7TRUd9Q==}

  '@types/seedrandom@2.4.27':
    resolution: {integrity: sha512-YvMLqFak/7rt//lPBtEHv3M4sRNA+HGxrhFZ+DQs9K2IkYJbNwVIb8avtJfhDiuaUBX/AW0jnjv48FV8h3u9bQ==}

  '@types/webgl-ext@0.0.30':
    resolution: {integrity: sha512-LKVgNmBxN0BbljJrVUwkxwRYqzsAEPcZOe6S2T6ZaBDIrFp0qu4FNlpc5sM1tGbXUYFgdVQIoeLk1Y1UoblyEg==}

  '@types/webgl2@0.0.4':
    resolution: {integrity: sha512-PACt1xdErJbMUOUweSrbVM7gSIYm1vTncW2hF6Os/EeWi6TXYAYMPp+8v6rzHmypE5gHrxaxZNXgMkJVIdZpHw==}

  '@vladmandic/face-api@1.7.13':
    resolution: {integrity: sha512-tYSXcM/46lJe1T2AuEf+yR0+2Qwtj7uy0HJRprBlp5IXzGCqqA3EGxefymaRhNwPaJqHBUIqpGydMlwwjlgX0Q==}
    engines: {node: '>=14.0.0'}

  bcp-47-match@1.0.3:
    resolution: {integrity: sha512-LggQ4YTdjWQSKELZF5JwchnBa1u0pIQSZf5lSdOHEdbVP55h0qICA/FUp3+W99q0xqxYa1ZQizTUH87gecII5w==}

  bcp-47-normalize@1.1.1:
    resolution: {integrity: sha512-jWZ1Jdu3cs0EZdfCkS0UE9Gg01PtxnChjEBySeB+Zo6nkqtFfnvtoQQgP1qU1Oo4qgJgxhTI6Sf9y/pZIhPs0A==}

  bcp-47@1.0.8:
    resolution: {integrity: sha512-Y9y1QNBBtYtv7hcmoX0tR+tUNSFZGZ6OL6vKPObq8BbOhkCoyayF6ogfLTgAli/KuAEbsYHYUNq2AQuY6IuLag==}

  codem-isoboxer@0.3.9:
    resolution: {integrity: sha512-4XOTqEzBWrGOZaMd+sTED2hLpzfBbiQCf1W6OBGkIHqk1D8uwy8WFLazVbdQwfDpQ+vf39lqTGPa9IhWW0roTA==}

  dashjs@4.7.4:
    resolution: {integrity: sha512-+hldo25QPP3H/NOwqUrvt4uKdMse60/Gsz9AUAnoYfhga8qHWq4nWiojUosOiigbigkDTCAn9ORcvUaKCvmfCA==}

  es6-promise@4.2.8:
    resolution: {integrity: sha512-HJDGx5daxeIvxdBxvG2cb9g4tEvwIk3i8+nhX0yGrYmZUzbkdg8QbDevheDB8gd0//uPj4c1EQua8Q+MViT0/w==}

  face-api.js@0.22.2:
    resolution: {integrity: sha512-9Bbv/yaBRTKCXjiDqzryeKhYxmgSjJ7ukvOvEBy6krA0Ah/vNBlsf7iBNfJljWiPA8Tys1/MnB3lyP2Hfmsuyw==}

  fast-deep-equal@2.0.1:
    resolution: {integrity: sha512-bCK/2Z4zLidyB4ReuIsvALH6w31YfAQDmXMqMx6FyfHqvBxtjC0eRumeSu4Bs3XtXwpyIywtSTrVT99BxY1f9w==}

  hls.js@1.5.11:
    resolution: {integrity: sha512-q3We1izi2+qkOO+TvZdHv+dx6aFzdtk3xc1/Qesrvto4thLTT/x/1FK85c5h1qZE4MmMBNgKg+MIW8nxQfxwBw==}

  html-entities@1.4.0:
    resolution: {integrity: sha512-8nxjcBcd8wovbeKx7h3wTji4e6+rhaVuPNpMqwWgnHh+N9ToqsCs6XztWRBPQ+UtzsoMAdKZtUENoVzU/EMtZA==}

  immediate@3.0.6:
    resolution: {integrity: sha512-XXOFtyqDjNDAQxVfYxuF7g9Il/IbWmmlQg2MYKOH8ExIT1qg6xc4zyS3HaEEATgs1btfzxq15ciUiY7gjSXRGQ==}

  imsc@1.1.5:
    resolution: {integrity: sha512-V8je+CGkcvGhgl2C1GlhqFFiUOIEdwXbXLiu1Fcubvvbo+g9inauqT3l0pNYXGoLPBj3jxtZz9t+wCopMkwadQ==}

  is-alphabetical@1.0.4:
    resolution: {integrity: sha512-DwzsA04LQ10FHTZuL0/grVDk4rFoVH1pjAToYwBrHSxcrBIGQuXrQMtD5U1b0U2XVgKZCTLLP8u2Qxqhy3l2Vg==}

  is-alphanumerical@1.0.4:
    resolution: {integrity: sha512-UzoZUr+XfVz3t3v4KyGEniVL9BDRoQtY7tOyrRybkVNjDFWyo1yhXNGrrBTQxp3ib9BLAWs7k2YKBQsFRkZG9A==}

  is-decimal@1.0.4:
    resolution: {integrity: sha512-RGdriMmQQvZ2aqaQq3awNA6dCGtKpiDFcOzrTWrDAT2MiWrKQVPmxLGHl7Y2nNu6led0kEyoX0enY0qXYsv9zw==}

  lie@3.1.1:
    resolution: {integrity: sha512-RiNhHysUjhrDQntfYSfY4MU24coXXdEOgw9WGcKHNeEwffDYbF//u87M1EWaMGzuFoSbqW0C9C6lEEhDOAswfw==}

  localforage@1.10.0:
    resolution: {integrity: sha512-14/H1aX7hzBBmmh7sGPd+AOMkkIrHM3Z1PAyGgZigA1H1p5O5ANnMyWzvpAETtG68/dC4pC0ncy3+PPGzXZHPg==}

  node-fetch@2.1.2:
    resolution: {integrity: sha512-IHLHYskTc2arMYsHZH82PVX8CSKT5lzb7AXeyO06QnjGDKtkv+pv3mEki6S7reB/x1QPo+YPxQRNEVgR5V/w3Q==}
    engines: {node: 4.x || >=6.0.0}

  path-browserify@1.0.1:
    resolution: {integrity: sha512-b7uo2UCUOYZcnF/3ID0lulOJi/bafxa1xPe7ZPsammBSpjSWQkjNxlt635YGS2MiR9GjvuXCtz2emr3jbsz98g==}

  sax@1.2.1:
    resolution: {integrity: sha512-8I2a3LovHTOpm7NV5yOyO8IHqgVsfK4+UuySrXU8YXkSRX7k6hCV9b3HrkKCr3nMpgj+0bmocaJJWpvp1oc7ZA==}

  seedrandom@2.4.3:
    resolution: {integrity: sha512-2CkZ9Wn2dS4mMUWQaXLsOAfGD+irMlLEeSP3cMxpGbgyOOzJGFa+MWCOMTOCMyZinHRPxyOj/S/C57li/1to6Q==}

  tslib@1.14.1:
    resolution: {integrity: sha512-Xni35NKzjgMrwevysHTCArtLDpPvye8zV/0E4EyYn43P7/7qvQwPh9BGkHewbMulVntbigmcT7rdX3BNo9wRJg==}

  ua-parser-js@1.0.38:
    resolution: {integrity: sha512-Aq5ppTOfvrCMgAPneW1HfWj66Xi7XL+/mIy996R1/CLS/rcyJQm6QZdsKrUeivDFQ+Oc9Wyuwor8Ze8peEoUoQ==}

snapshots:

  '@tensorflow/tfjs-core@1.7.0':
    dependencies:
      '@types/offscreencanvas': 2019.3.0
      '@types/seedrandom': 2.4.27
      '@types/webgl-ext': 0.0.30
      '@types/webgl2': 0.0.4
      node-fetch: 2.1.2
      seedrandom: 2.4.3

  '@types/offscreencanvas@2019.3.0': {}

  '@types/seedrandom@2.4.27': {}

  '@types/webgl-ext@0.0.30': {}

  '@types/webgl2@0.0.4': {}

  '@vladmandic/face-api@1.7.13': {}

  bcp-47-match@1.0.3: {}

  bcp-47-normalize@1.1.1:
    dependencies:
      bcp-47: 1.0.8
      bcp-47-match: 1.0.3

  bcp-47@1.0.8:
    dependencies:
      is-alphabetical: 1.0.4
      is-alphanumerical: 1.0.4
      is-decimal: 1.0.4

  codem-isoboxer@0.3.9: {}

  dashjs@4.7.4:
    dependencies:
      bcp-47-match: 1.0.3
      bcp-47-normalize: 1.1.1
      codem-isoboxer: 0.3.9
      es6-promise: 4.2.8
      fast-deep-equal: 2.0.1
      html-entities: 1.4.0
      imsc: 1.1.5
      localforage: 1.10.0
      path-browserify: 1.0.1
      ua-parser-js: 1.0.38

  es6-promise@4.2.8: {}

  face-api.js@0.22.2:
    dependencies:
      '@tensorflow/tfjs-core': 1.7.0
      tslib: 1.14.1

  fast-deep-equal@2.0.1: {}

  hls.js@1.5.11: {}

  html-entities@1.4.0: {}

  immediate@3.0.6: {}

  imsc@1.1.5:
    dependencies:
      sax: 1.2.1

  is-alphabetical@1.0.4: {}

  is-alphanumerical@1.0.4:
    dependencies:
      is-alphabetical: 1.0.4
      is-decimal: 1.0.4

  is-decimal@1.0.4: {}

  lie@3.1.1:
    dependencies:
      immediate: 3.0.6

  localforage@1.10.0:
    dependencies:
      lie: 3.1.1

  node-fetch@2.1.2: {}

  path-browserify@1.0.1: {}

  sax@1.2.1: {}

  seedrandom@2.4.3: {}

  tslib@1.14.1: {}

  ua-parser-js@1.0.38: {}
