%{
  "bandit": {:hex, :bandit, "1.5.5", "df28f1c41f745401fe9e85a6882033f5f3442ab6d30c8a2948554062a4ab56e0", [:mix], [{:hpax, "~> 0.2.0", [hex: :hpax, repo: "hexpm", optional: false]}, {:plug, "~> 1.14", [hex: :plug, repo: "hexpm", optional: false]}, {:telemetry, "~> 0.4 or ~> 1.0", [hex: :telemetry, repo: "hexpm", optional: false]}, {:thousand_island, "~> 1.0", [hex: :thousand_island, repo: "hexpm", optional: false]}, {:websock, "~> 0.5", [hex: :websock, repo: "hexpm", optional: false]}], "hexpm", "f21579a29ea4bc08440343b2b5f16f7cddf2fea5725d31b72cf973ec729079e1"},
  "castore": {:hex, :castore, "1.0.8", "dedcf20ea746694647f883590b82d9e96014057aff1d44d03ec90f36a5c0dc6e", [:mix], [], "hexpm", "0b2b66d2ee742cb1d9cb8c8be3b43c3a70ee8651f37b75a8b982e036752983f1"},
  "complex": {:hex, :complex, "0.5.0", "af2d2331ff6170b61bb738695e481b27a66780e18763e066ee2cd863d0b1dd92", [:mix], [], "hexpm", "2683bd3c184466cfb94fad74cbfddfaa94b860e27ad4ca1bffe3bff169d91ef1"},
  "corsica": {:hex, :corsica, "2.1.3", "dccd094ffce38178acead9ae743180cdaffa388f35f0461ba1e8151d32e190e6", [:mix], [{:plug, "~> 1.0", [hex: :plug, repo: "hexpm", optional: false]}, {:telemetry, "~> 0.4.0 or ~> 1.0", [hex: :telemetry, repo: "hexpm", optional: false]}], "hexpm", "616c08f61a345780c2cf662ff226816f04d8868e12054e68963e95285b5be8bc"},
  "elixir_make": {:hex, :elixir_make, "0.8.4", "4960a03ce79081dee8fe119d80ad372c4e7badb84c493cc75983f9d3bc8bde0f", [:mix], [{:castore, "~> 0.1 or ~> 1.0", [hex: :castore, repo: "hexpm", optional: true]}, {:certifi, "~> 2.0", [hex: :certifi, repo: "hexpm", optional: true]}], "hexpm", "6e7f1d619b5f61dfabd0a20aa268e575572b542ac31723293a4c1a567d5ef040"},
  "evision": {:hex, :evision, "0.2.7", "d77106f2c0b3823ed5a4817c90f44665d65b1e8d4b20192c1d666c6978ced62a", [:make, :mix, :rebar3], [{:castore, "~> 0.1 or ~> 1.0", [hex: :castore, repo: "hexpm", optional: false]}, {:elixir_make, "~> 0.7", [hex: :elixir_make, repo: "hexpm", optional: false]}, {:kino, "~> 0.11", [hex: :kino, repo: "hexpm", optional: true]}, {:nx, "~> 0.6", [hex: :nx, repo: "hexpm", optional: false]}, {:progress_bar, "~> 2.0 or ~> 3.0", [hex: :progress_bar, repo: "hexpm", optional: true]}], "hexpm", "2aca9f0404a6015875f3dea3656cc01da82b5b787525f3435b27961b20ff3ce8"},
  "ex_cmd": {:hex, :ex_cmd, "0.12.0", "9c5e4af3fbd09f34d49e69860a6fe5af5497d9ecc47fc7f277fdf30881e6237e", [:mix], [{:gen_state_machine, "~> 3.0", [hex: :gen_state_machine, repo: "hexpm", optional: false]}], "hexpm", "42faa86230acd28d35bd6b0b320047b20b0169b7f1ea8eb3661807ac48b766a7"},
  "gen_state_machine": {:hex, :gen_state_machine, "3.0.0", "1e57f86a494e5c6b14137ebef26a7eb342b3b0070c7135f2d6768ed3f6b6cdff", [:mix], [], "hexpm", "0a59652574bebceb7309f6b749d2a41b45fdeda8dbb4da0791e355dd19f0ed15"},
  "hpax": {:hex, :hpax, "0.2.0", "5a58219adcb75977b2edce5eb22051de9362f08236220c9e859a47111c194ff5", [:mix], [], "hexpm", "bea06558cdae85bed075e6c036993d43cd54d447f76d8190a8db0dc5893fa2f1"},
  "mime": {:hex, :mime, "2.0.6", "8f18486773d9b15f95f4f4f1e39b710045fa1de891fada4516559967276e4dc2", [:mix], [], "hexpm", "c9945363a6b26d747389aac3643f8e0e09d30499a138ad64fe8fd1d13d9b153e"},
  "nx": {:hex, :nx, "0.7.3", "51ff45d9f9ff58b616f4221fa54ccddda98f30319bb8caaf86695234a469017a", [:mix], [{:complex, "~> 0.5", [hex: :complex, repo: "hexpm", optional: false]}, {:telemetry, "~> 0.4.0 or ~> 1.0", [hex: :telemetry, repo: "hexpm", optional: false]}], "hexpm", "5ff29af84f08db9bda66b8ef7ce92ab583ab4f983629fe00b479f1e5c7c705a6"},
  "plug": {:hex, :plug, "1.16.1", "40c74619c12f82736d2214557dedec2e9762029b2438d6d175c5074c933edc9d", [:mix], [{:mime, "~> 1.0 or ~> 2.0", [hex: :mime, repo: "hexpm", optional: false]}, {:plug_crypto, "~> 1.1.1 or ~> 1.2 or ~> 2.0", [hex: :plug_crypto, repo: "hexpm", optional: false]}, {:telemetry, "~> 0.4.3 or ~> 1.0", [hex: :telemetry, repo: "hexpm", optional: false]}], "hexpm", "a13ff6b9006b03d7e33874945b2755253841b238c34071ed85b0e86057f8cddc"},
  "plug_crypto": {:hex, :plug_crypto, "1.2.5", "918772575e48e81e455818229bf719d4ab4181fcbf7f85b68a35620f78d89ced", [:mix], [], "hexpm", "26549a1d6345e2172eb1c233866756ae44a9609bd33ee6f99147ab3fd87fd842"},
  "telemetry": {:hex, :telemetry, "1.2.1", "68fdfe8d8f05a8428483a97d7aab2f268aaff24b49e0f599faa091f1d4e7f61c", [:rebar3], [], "hexpm", "dad9ce9d8effc621708f99eac538ef1cbe05d6a874dd741de2e689c47feafed5"},
  "thousand_island": {:hex, :thousand_island, "1.3.5", "6022b6338f1635b3d32406ff98d68b843ba73b3aa95cfc27154223244f3a6ca5", [:mix], [{:telemetry, "~> 0.4 or ~> 1.0", [hex: :telemetry, repo: "hexpm", optional: false]}], "hexpm", "2be6954916fdfe4756af3239fb6b6d75d0b8063b5df03ba76fd8a4c87849e180"},
  "websock": {:hex, :websock, "0.5.3", "2f69a6ebe810328555b6fe5c831a851f485e303a7c8ce6c5f675abeb20ebdadc", [:mix], [], "hexpm", "6105453d7fac22c712ad66fab1d45abdf049868f253cf719b625151460b8b453"},
  "websock_adapter": {:hex, :websock_adapter, "0.5.6", "0437fe56e093fd4ac422de33bf8fc89f7bc1416a3f2d732d8b2c8fd54792fe60", [:mix], [{:bandit, ">= 0.6.0", [hex: :bandit, repo: "hexpm", optional: true]}, {:plug, "~> 1.14", [hex: :plug, repo: "hexpm", optional: false]}, {:plug_cowboy, "~> 2.6", [hex: :plug_cowboy, repo: "hexpm", optional: true]}, {:websock, "~> 0.5", [hex: :websock, repo: "hexpm", optional: false]}], "hexpm", "e04378d26b0af627817ae84c92083b7e97aca3121196679b73c73b99d0d133ea"},
}
